
Microsoft Visual Studio Solution File, Format Version 12.00
# Visual Studio Version 17
VisualStudioVersion = 17.1.32228.430
MinimumVisualStudioVersion = 10.0.40219.1
Project("{9A19103F-16F7-4668-BE54-9A1E7A4F7556}") = "1.MenuStrip", "1.MenuStrip\1.MenuStrip.csproj", "{5100F469-D03E-4C83-A8DA-0B6D64533FB0}"
EndProject
Project("{9A19103F-16F7-4668-BE54-9A1E7A4F7556}") = "2.MainMenu", "2.MainMenu\2.MainMenu.csproj", "{C13DAE04-A3BC-4CE4-9004-6B8C9E2A89CC}"
EndProject
Project("{9A19103F-16F7-4668-BE54-9A1E7A4F7556}") = "3. ContextMenu", "ContextMenu\3. ContextMenu.csproj", "{BE5199F9-1261-4604-A206-C1A4CC1AC3D0}"
EndProject
Project("{9A19103F-16F7-4668-BE54-9A1E7A4F7556}") = "4.CreateToolBar", "4.CreateToolBar\4.CreateToolBar.csproj", "{0D00020D-0DEB-4FB9-BBED-50C2229D8197}"
EndProject
Project("{FAE04EC0-301F-11D3-BF4B-00C04F79EFBC}") = "StatusStrip", "StatusStrip\StatusStrip.csproj", "{EBE26345-3104-4455-957D-1F498DB28B6A}"
EndProject
Global
	GlobalSection(SolutionConfigurationPlatforms) = preSolution
		Debug|Any CPU = Debug|Any CPU
		Release|Any CPU = Release|Any CPU
	EndGlobalSection
	GlobalSection(ProjectConfigurationPlatforms) = postSolution
		{5100F469-D03E-4C83-A8DA-0B6D64533FB0}.Debug|Any CPU.ActiveCfg = Debug|Any CPU
		{5100F469-D03E-4C83-A8DA-0B6D64533FB0}.Debug|Any CPU.Build.0 = Debug|Any CPU
		{5100F469-D03E-4C83-A8DA-0B6D64533FB0}.Release|Any CPU.ActiveCfg = Release|Any CPU
		{5100F469-D03E-4C83-A8DA-0B6D64533FB0}.Release|Any CPU.Build.0 = Release|Any CPU
		{C13DAE04-A3BC-4CE4-9004-6B8C9E2A89CC}.Debug|Any CPU.ActiveCfg = Debug|Any CPU
		{C13DAE04-A3BC-4CE4-9004-6B8C9E2A89CC}.Debug|Any CPU.Build.0 = Debug|Any CPU
		{C13DAE04-A3BC-4CE4-9004-6B8C9E2A89CC}.Release|Any CPU.ActiveCfg = Release|Any CPU
		{C13DAE04-A3BC-4CE4-9004-6B8C9E2A89CC}.Release|Any CPU.Build.0 = Release|Any CPU
		{BE5199F9-1261-4604-A206-C1A4CC1AC3D0}.Debug|Any CPU.ActiveCfg = Debug|Any CPU
		{BE5199F9-1261-4604-A206-C1A4CC1AC3D0}.Debug|Any CPU.Build.0 = Debug|Any CPU
		{BE5199F9-1261-4604-A206-C1A4CC1AC3D0}.Release|Any CPU.ActiveCfg = Release|Any CPU
		{BE5199F9-1261-4604-A206-C1A4CC1AC3D0}.Release|Any CPU.Build.0 = Release|Any CPU
		{0D00020D-0DEB-4FB9-BBED-50C2229D8197}.Debug|Any CPU.ActiveCfg = Debug|Any CPU
		{0D00020D-0DEB-4FB9-BBED-50C2229D8197}.Debug|Any CPU.Build.0 = Debug|Any CPU
		{0D00020D-0DEB-4FB9-BBED-50C2229D8197}.Release|Any CPU.ActiveCfg = Release|Any CPU
		{0D00020D-0DEB-4FB9-BBED-50C2229D8197}.Release|Any CPU.Build.0 = Release|Any CPU
		{EBE26345-3104-4455-957D-1F498DB28B6A}.Debug|Any CPU.ActiveCfg = Debug|Any CPU
		{EBE26345-3104-4455-957D-1F498DB28B6A}.Debug|Any CPU.Build.0 = Debug|Any CPU
		{EBE26345-3104-4455-957D-1F498DB28B6A}.Release|Any CPU.ActiveCfg = Release|Any CPU
		{EBE26345-3104-4455-957D-1F498DB28B6A}.Release|Any CPU.Build.0 = Release|Any CPU
	EndGlobalSection
	GlobalSection(SolutionProperties) = preSolution
		HideSolutionNode = FALSE
	EndGlobalSection
	GlobalSection(ExtensibilityGlobals) = postSolution
		SolutionGuid = {BF9A541A-C87F-4255-93E8-C8A6EE60439A}
	EndGlobalSection
EndGlobal
